
Microsoft Visual Studio Solution File, Format Version 12.00
# Visual Studio Version 16
VisualStudioVersion = 16.0.31702.278
MinimumVisualStudioVersion = 10.0.40219.1
Project("{9A19103F-16F7-4668-BE54-9A1E7A4F7556}") = "GM.Core.Domain", "Core.Domain\GM.Core.Domain.csproj", "{F5E44A07-0733-42EC-BB2E-6E03E447F970}"
EndProject
Project("{9A19103F-16F7-4668-BE54-9A1E7A4F7556}") = "Framework", "0_Framework\Framework.csproj", "{63BE2391-DB7B-4EAD-9B29-EF85FE0AF32D}"
EndProject
Project("{2150E333-8FDC-42A3-9474-1A3956D46DE8}") = "Domin", "Domin", "{67AB284E-9E32-47B5-8302-B5772D9B1A17}"
EndProject
Project("{2150E333-8FDC-42A3-9474-1A3956D46DE8}") = "Infrastructure.EFCore", "Infrastructure.EFCore", "{E616CDBB-4F9A-4122-BEC8-8E3B9AF57525}"
EndProject
Project("{2150E333-8FDC-42A3-9474-1A3956D46DE8}") = "Application", "Application", "{99CA3C05-5BCC-4764-962B-1CB4AE20ADD1}"
EndProject
Project("{9A19103F-16F7-4668-BE54-9A1E7A4F7556}") = "GM.Core.Application.Contracts", "GuideManagment.Core.Application.Contracts\GM.Core.Application.Contracts.csproj", "{079BE40B-BAEA-426E-83DC-F56A59EFA9C0}"
EndProject
Project("{9A19103F-16F7-4668-BE54-9A1E7A4F7556}") = "GM.Core.Application.Concretes", "GuideManagment.Core.Application\GM.Core.Application.Concretes.csproj", "{FC02B29E-52E9-4A85-8660-2A2899E17111}"
EndProject
Project("{9A19103F-16F7-4668-BE54-9A1E7A4F7556}") = "GM.Configura", "GuideManagment.Configor\GM.Configura.csproj", "{6E238661-AC7E-43C5-8D63-CB832B93DEF3}"
EndProject
Project("{2150E333-8FDC-42A3-9474-1A3956D46DE8}") = "03.EndPoint", "03.EndPoint", "{DC048BE5-B337-40B4-9E99-2B8034DDFA3B}"
EndProject
Project("{9A19103F-16F7-4668-BE54-9A1E7A4F7556}") = "GM.Web.Ui", "ServiceHost\GM.Web.Ui.csproj", "{AB066610-89B1-45C4-A0F4-8CADCF15520C}"
EndProject
Project("{2150E333-8FDC-42A3-9474-1A3956D46DE8}") = "01.Core", "01.Core", "{3FE55B69-7D67-4AFE-9421-0ED1B8024A18}"
EndProject
Project("{2150E333-8FDC-42A3-9474-1A3956D46DE8}") = "02.Infrastructure", "02.Infrastructure", "{18106FF6-F532-49F5-A047-2D72BF69434A}"
EndProject
Project("{9A19103F-16F7-4668-BE54-9A1E7A4F7556}") = "GM.Infrastructure.EFCore", "GuideManagment.Infrastructure.EFCore\GM.Infrastructure.EFCore.csproj", "{E0E4B802-5E4C-45D7-8E3E-91ADED7073EC}"
EndProject
Project("{2150E333-8FDC-42A3-9474-1A3956D46DE8}") = "00.Common", "00.Common", "{82D9A433-4849-449B-802A-DFAD7CFE198C}"
EndProject
Global
	GlobalSection(SolutionConfigurationPlatforms) = preSolution
		Debug|Any CPU = Debug|Any CPU
		Release|Any CPU = Release|Any CPU
	EndGlobalSection
	GlobalSection(ProjectConfigurationPlatforms) = postSolution
		{F5E44A07-0733-42EC-BB2E-6E03E447F970}.Debug|Any CPU.ActiveCfg = Debug|Any CPU
		{F5E44A07-0733-42EC-BB2E-6E03E447F970}.Debug|Any CPU.Build.0 = Debug|Any CPU
		{F5E44A07-0733-42EC-BB2E-6E03E447F970}.Release|Any CPU.ActiveCfg = Release|Any CPU
		{F5E44A07-0733-42EC-BB2E-6E03E447F970}.Release|Any CPU.Build.0 = Release|Any CPU
		{63BE2391-DB7B-4EAD-9B29-EF85FE0AF32D}.Debug|Any CPU.ActiveCfg = Debug|Any CPU
		{63BE2391-DB7B-4EAD-9B29-EF85FE0AF32D}.Debug|Any CPU.Build.0 = Debug|Any CPU
		{63BE2391-DB7B-4EAD-9B29-EF85FE0AF32D}.Release|Any CPU.ActiveCfg = Release|Any CPU
		{63BE2391-DB7B-4EAD-9B29-EF85FE0AF32D}.Release|Any CPU.Build.0 = Release|Any CPU
		{079BE40B-BAEA-426E-83DC-F56A59EFA9C0}.Debug|Any CPU.ActiveCfg = Debug|Any CPU
		{079BE40B-BAEA-426E-83DC-F56A59EFA9C0}.Debug|Any CPU.Build.0 = Debug|Any CPU
		{079BE40B-BAEA-426E-83DC-F56A59EFA9C0}.Release|Any CPU.ActiveCfg = Release|Any CPU
		{079BE40B-BAEA-426E-83DC-F56A59EFA9C0}.Release|Any CPU.Build.0 = Release|Any CPU
		{FC02B29E-52E9-4A85-8660-2A2899E17111}.Debug|Any CPU.ActiveCfg = Debug|Any CPU
		{FC02B29E-52E9-4A85-8660-2A2899E17111}.Debug|Any CPU.Build.0 = Debug|Any CPU
		{FC02B29E-52E9-4A85-8660-2A2899E17111}.Release|Any CPU.ActiveCfg = Release|Any CPU
		{FC02B29E-52E9-4A85-8660-2A2899E17111}.Release|Any CPU.Build.0 = Release|Any CPU
		{6E238661-AC7E-43C5-8D63-CB832B93DEF3}.Debug|Any CPU.ActiveCfg = Debug|Any CPU
		{6E238661-AC7E-43C5-8D63-CB832B93DEF3}.Debug|Any CPU.Build.0 = Debug|Any CPU
		{6E238661-AC7E-43C5-8D63-CB832B93DEF3}.Release|Any CPU.ActiveCfg = Release|Any CPU
		{6E238661-AC7E-43C5-8D63-CB832B93DEF3}.Release|Any CPU.Build.0 = Release|Any CPU
		{AB066610-89B1-45C4-A0F4-8CADCF15520C}.Debug|Any CPU.ActiveCfg = Debug|Any CPU
		{AB066610-89B1-45C4-A0F4-8CADCF15520C}.Debug|Any CPU.Build.0 = Debug|Any CPU
		{AB066610-89B1-45C4-A0F4-8CADCF15520C}.Release|Any CPU.ActiveCfg = Release|Any CPU
		{AB066610-89B1-45C4-A0F4-8CADCF15520C}.Release|Any CPU.Build.0 = Release|Any CPU
		{E0E4B802-5E4C-45D7-8E3E-91ADED7073EC}.Debug|Any CPU.ActiveCfg = Debug|Any CPU
		{E0E4B802-5E4C-45D7-8E3E-91ADED7073EC}.Debug|Any CPU.Build.0 = Debug|Any CPU
		{E0E4B802-5E4C-45D7-8E3E-91ADED7073EC}.Release|Any CPU.ActiveCfg = Release|Any CPU
		{E0E4B802-5E4C-45D7-8E3E-91ADED7073EC}.Release|Any CPU.Build.0 = Release|Any CPU
	EndGlobalSection
	GlobalSection(SolutionProperties) = preSolution
		HideSolutionNode = FALSE
	EndGlobalSection
	GlobalSection(NestedProjects) = preSolution
		{F5E44A07-0733-42EC-BB2E-6E03E447F970} = {67AB284E-9E32-47B5-8302-B5772D9B1A17}
		{63BE2391-DB7B-4EAD-9B29-EF85FE0AF32D} = {82D9A433-4849-449B-802A-DFAD7CFE198C}
		{67AB284E-9E32-47B5-8302-B5772D9B1A17} = {3FE55B69-7D67-4AFE-9421-0ED1B8024A18}
		{E616CDBB-4F9A-4122-BEC8-8E3B9AF57525} = {18106FF6-F532-49F5-A047-2D72BF69434A}
		{99CA3C05-5BCC-4764-962B-1CB4AE20ADD1} = {3FE55B69-7D67-4AFE-9421-0ED1B8024A18}
		{079BE40B-BAEA-426E-83DC-F56A59EFA9C0} = {99CA3C05-5BCC-4764-962B-1CB4AE20ADD1}
		{FC02B29E-52E9-4A85-8660-2A2899E17111} = {99CA3C05-5BCC-4764-962B-1CB4AE20ADD1}
		{6E238661-AC7E-43C5-8D63-CB832B93DEF3} = {E616CDBB-4F9A-4122-BEC8-8E3B9AF57525}
		{AB066610-89B1-45C4-A0F4-8CADCF15520C} = {DC048BE5-B337-40B4-9E99-2B8034DDFA3B}
		{E0E4B802-5E4C-45D7-8E3E-91ADED7073EC} = {E616CDBB-4F9A-4122-BEC8-8E3B9AF57525}
	EndGlobalSection
	GlobalSection(ExtensibilityGlobals) = postSolution
		SolutionGuid = {740F8DA1-F8BF-49B8-B3DC-EE2A5F14FC97}
	EndGlobalSection
EndGlobal
